{
    "_readme": [
        "This file locks the dependencies of your project to a known state",
        "Read more about it at https://getcomposer.org/doc/01-basic-usage.md#installing-dependencies",
        "This file is @generated automatically"
    ],
    "content-hash": "0f3dff87cd937d02da32522e5eda5994",
    "packages": [],
    "packages-dev": [
        {
            "name": "pds/skeleton",
            "version": "1.0.0",
            "source": {
                "type": "git",
                "url": "https://github.com/php-pds/skeleton.git",
                "reference": "95e476e5d629eadacbd721c5a9553e537514a231"
            },
            "dist": {
                "type": "zip",
                "url": "https://api.github.com/repos/php-pds/skeleton/zipball/95e476e5d629eadacbd721c5a9553e537514a231",
                "reference": "95e476e5d629eadacbd721c5a9553e537514a231",
                "shasum": ""
            },
            "bin": [
                "bin/pds-skeleton"
            ],
            "type": "standard",
            "autoload": {
                "psr-4": {
                    "Pds\\Skeleton\\": "src/"
                }
            },
            "notification-url": "https://packagist.org/downloads/",
            "license": [
                "CC-BY-SA-4.0"
            ],
            "description": "Standard for PHP package skeletons.",
            "homepage": "https://github.com/php-pds/skeleton",
            "time": "2017-01-25T23:30:41+00:00"
        }
    ],
    "aliases": [],
    "minimum-stability": "stable",
    "stability-flags": [],
    "prefer-stable": false,
    "prefer-lowest": false,
    "platform": [],
    "platform-dev": [],
    "plugin-api-version": "1.1.0"
}
